# This file was autogenerated by Stack.
# You should not edit this file by hand.
# For more information, please see the documentation at:
#   https://docs.haskellstack.org/en/stable/lock_files

packages:
- completed:
    hackage: json-0.10@sha256:b56b1f5f1e17d11e6bcf754ea7f0243a87e224a17608dcd20f331a1909be2e25,3188
    pantry-tree:
      size: 3190
      sha256: 37dd59020bbc7e005c97fa1ae6faa718ef801ed5bc64340c2d3b2d24d4a19890
  original:
    hackage: json-0.10@sha256:b56b1f5f1e17d11e6bcf754ea7f0243a87e224a17608dcd20f331a1909be2e25,3188
snapshots:
- completed:
    size: 532835
    url: https://raw.githubusercontent.com/commercialhaskell/stackage-snapshots/master/lts/16/24.yaml
    sha256: cf2b52420b2262fe9cf0f6744929120131abd6675b1c3fb2d8b155a47f80d103
  original: lts-16.24
